schema: '2.0'
stages:
  prepare:
    cmd: python src/prodml/data.py data/raw/green_tripdata_2024-01.parquet 
      data/prepared/
    deps:
    - path: data/raw/green_tripdata_2024-01.parquet
      hash: md5
      md5: 33f3af0093a4bea95512fbd0df7f1b84
      size: 1362284
    - path: src/prodml/data.py
      hash: md5
      md5: b171f0e6b42ed2f55957f38de0dcaa58
      size: 668
    outs:
    - path: data/prepared/
      hash: md5
      md5: 34e263e5ecebf75e84bfe8d48fc6ef66.dir
      size: 1542814
      nfiles: 2
  featurize:
    cmd: python src/prodml/features.py data/prepared/ data/features/
    deps:
    - path: data/prepared/
      hash: md5
      md5: 34e263e5ecebf75e84bfe8d48fc6ef66.dir
      size: 1542814
      nfiles: 2
    - path: src/prodml/features.py
      hash: md5
      md5: 8256184ba2ccde26089e817182564af4
      size: 1258
    outs:
    - path: data/features/
      hash: md5
      md5: 4000d3846fc0e6f3abbab3158affda47.dir
      size: 1945113
      nfiles: 2
  train:
    cmd: python src/prodml/train.py data/features/ models/
    deps:
    - path: data/features/
      hash: md5
      md5: 4000d3846fc0e6f3abbab3158affda47.dir
      size: 1945113
      nfiles: 2
    - path: src/prodml/train.py
      hash: md5
      md5: c54727a65923fe236af50155918673a6
      size: 5246
    outs:
    - path: models/model.pkl
      hash: md5
      md5: 1a638fc3beb611f0f979bcf22c35b7e3
      size: 344214
  evaluate:
    cmd: python src/prodml/evaluate.py models/model.pkl data/features/ reports/
    deps:
    - path: data/features/
      hash: md5
      md5: 4000d3846fc0e6f3abbab3158affda47.dir
      size: 1945113
      nfiles: 2
    - path: models/model.pkl
      hash: md5
      md5: 1a638fc3beb611f0f979bcf22c35b7e3
      size: 344214
    - path: src/prodml/evaluate.py
      hash: md5
      md5: 3f5f5c4ceb2c77f40b91305493973a3d
      size: 1940
    outs:
    - path: reports/metrics.json
      hash: md5
      md5: ca6cd491e22ae6615f25dcea724b71b6
      size: 74
